
Microsoft Visual Studio Solution File, Format Version 12.00
# Visual Studio Version 17
VisualStudioVersion = 17.0.31423.177
MinimumVisualStudioVersion = 10.0.40219.1
Project("{9A19103F-16F7-4668-BE54-9A1E7A4F7556}") = "Componentes", "Componentes\Componentes.csproj", "{84B44F83-800D-4889-A7A6-1CAE62E4D538}"
EndProject
Project("{9A19103F-16F7-4668-BE54-9A1E7A4F7556}") = "Cap11", "Cap11\Cap11.csproj", "{863C3EDF-CFBB-4AD4-B715-D15A4C56D69D}"
EndProject
Project("{9A19103F-16F7-4668-BE54-9A1E7A4F7556}") = "Cap02", "Cap02\Cap02.csproj", "{DD6E75CD-5A0C-423D-A816-57D2E966701A}"
EndProject
Project("{9A19103F-16F7-4668-BE54-9A1E7A4F7556}") = "Cap03", "Cap03\Cap03.csproj", "{A1D9172D-7EF6-48B0-B686-97E6CEC0E1E1}"
EndProject
Project("{9A19103F-16F7-4668-BE54-9A1E7A4F7556}") = "Cap06", "Cap06\Cap06.csproj", "{182DB03D-91E2-4C48-9F55-70F81C1E225B}"
EndProject
Project("{9A19103F-16F7-4668-BE54-9A1E7A4F7556}") = "Cap07", "Cap07\Cap07.csproj", "{ACF70497-6886-4525-97D0-8B8B99A2B9A9}"
EndProject
Project("{9A19103F-16F7-4668-BE54-9A1E7A4F7556}") = "Cap09", "Cap09\Cap09.csproj", "{35C5FFFF-7A14-4AC4-A79D-62FA2C0E4472}"
EndProject
Project("{9A19103F-16F7-4668-BE54-9A1E7A4F7556}") = "Cap04", "Cap04\Cap04.csproj", "{E1D85AB8-BAFF-47EF-BC2F-02CFC0224485}"
EndProject
Project("{2150E333-8FDC-42A3-9474-1A3956D46DE8}") = "Cap05", "Cap05", "{05B375FC-5F01-48C3-8C0E-A5B418196CA9}"
EndProject
Project("{2150E333-8FDC-42A3-9474-1A3956D46DE8}") = "Cap13", "Cap13", "{605895B7-BD3F-40E4-97DA-20C4B6AFA5CE}"
EndProject
Project("{9A19103F-16F7-4668-BE54-9A1E7A4F7556}") = "Loja", "Cap13\Loja\Loja.csproj", "{6BB379DC-A820-45BE-BD6C-670D7AFC7B30}"
EndProject
Project("{9A19103F-16F7-4668-BE54-9A1E7A4F7556}") = "Loja.Tests", "Cap13\Loja.Tests\Loja.Tests.csproj", "{72AD4FD7-155C-40F9-BBD9-F87271BB1440}"
EndProject
Project("{2150E333-8FDC-42A3-9474-1A3956D46DE8}") = "Cap10", "Cap10", "{4461613A-A82C-483D-A553-CD79C7CAC463}"
EndProject
Project("{9A19103F-16F7-4668-BE54-9A1E7A4F7556}") = "DownloadAssincrono", "Cap10\DownloadAssincrono\DownloadAssincrono.csproj", "{230E1465-7A32-49DE-A9EF-848F62268C38}"
EndProject
Project("{9A19103F-16F7-4668-BE54-9A1E7A4F7556}") = "ExemploAPI", "Cap10\ExemploAPI\ExemploAPI.csproj", "{B9EACC32-FDBD-40B0-8D6C-25FF530FDE23}"
EndProject
Project("{9A19103F-16F7-4668-BE54-9A1E7A4F7556}") = "OlaMundo", "Cap05\OlaMundo\OlaMundo.csproj", "{0606A8C7-B5C1-4958-86AD-B415F0B74CCC}"
EndProject
Project("{9A19103F-16F7-4668-BE54-9A1E7A4F7556}") = "Biblioteca_V1", "Cap05\Bibloteca\Biblioteca_V1\Biblioteca_V1\Biblioteca_V1.csproj", "{EA3960A5-A959-4731-9819-6E3B03644F31}"
EndProject
Project("{9A19103F-16F7-4668-BE54-9A1E7A4F7556}") = "Biblioteca_V2", "Cap05\Bibloteca\Biblioteca_V2\Biblioteca_V2\Biblioteca_V2.csproj", "{47467CEF-C5F9-4514-847D-313DCEA6CC31}"
EndProject
Project("{9A19103F-16F7-4668-BE54-9A1E7A4F7556}") = "Biblioteca_V3", "Cap05\Bibloteca\Biblioteca_V3\Biblioteca_V3\Biblioteca_V3.csproj", "{EF2EDC1F-3C54-4FA1-8375-745AF1B40618}"
EndProject
Project("{9A19103F-16F7-4668-BE54-9A1E7A4F7556}") = "OlaMundo_GetSet", "Cap05\OlaMundo_GetSet\OlaMundo_GetSet.csproj", "{6DB23AA0-350E-4242-9C15-A47FFA68D467}"
EndProject
Project("{9A19103F-16F7-4668-BE54-9A1E7A4F7556}") = "OlaMundo_GetSet_Classe", "Cap05\OlaMundo_GetSet_Classe\OlaMundo_GetSet_Classe.csproj", "{DF0858D8-6441-4A38-8480-8D869026FFC0}"
EndProject
Project("{9A19103F-16F7-4668-BE54-9A1E7A4F7556}") = "Cap08", "Cap08\Cap08.csproj", "{E06708E2-DA53-4373-91F6-2E1A65620935}"
EndProject
Global
	GlobalSection(SolutionConfigurationPlatforms) = preSolution
		Debug|Any CPU = Debug|Any CPU
		Release|Any CPU = Release|Any CPU
	EndGlobalSection
	GlobalSection(ProjectConfigurationPlatforms) = postSolution
		{84B44F83-800D-4889-A7A6-1CAE62E4D538}.Debug|Any CPU.ActiveCfg = Debug|Any CPU
		{84B44F83-800D-4889-A7A6-1CAE62E4D538}.Debug|Any CPU.Build.0 = Debug|Any CPU
		{84B44F83-800D-4889-A7A6-1CAE62E4D538}.Release|Any CPU.ActiveCfg = Release|Any CPU
		{84B44F83-800D-4889-A7A6-1CAE62E4D538}.Release|Any CPU.Build.0 = Release|Any CPU
		{863C3EDF-CFBB-4AD4-B715-D15A4C56D69D}.Debug|Any CPU.ActiveCfg = Debug|Any CPU
		{863C3EDF-CFBB-4AD4-B715-D15A4C56D69D}.Debug|Any CPU.Build.0 = Debug|Any CPU
		{863C3EDF-CFBB-4AD4-B715-D15A4C56D69D}.Release|Any CPU.ActiveCfg = Release|Any CPU
		{863C3EDF-CFBB-4AD4-B715-D15A4C56D69D}.Release|Any CPU.Build.0 = Release|Any CPU
		{DD6E75CD-5A0C-423D-A816-57D2E966701A}.Debug|Any CPU.ActiveCfg = Debug|Any CPU
		{DD6E75CD-5A0C-423D-A816-57D2E966701A}.Debug|Any CPU.Build.0 = Debug|Any CPU
		{DD6E75CD-5A0C-423D-A816-57D2E966701A}.Release|Any CPU.ActiveCfg = Release|Any CPU
		{DD6E75CD-5A0C-423D-A816-57D2E966701A}.Release|Any CPU.Build.0 = Release|Any CPU
		{A1D9172D-7EF6-48B0-B686-97E6CEC0E1E1}.Debug|Any CPU.ActiveCfg = Debug|Any CPU
		{A1D9172D-7EF6-48B0-B686-97E6CEC0E1E1}.Debug|Any CPU.Build.0 = Debug|Any CPU
		{A1D9172D-7EF6-48B0-B686-97E6CEC0E1E1}.Release|Any CPU.ActiveCfg = Release|Any CPU
		{A1D9172D-7EF6-48B0-B686-97E6CEC0E1E1}.Release|Any CPU.Build.0 = Release|Any CPU
		{182DB03D-91E2-4C48-9F55-70F81C1E225B}.Debug|Any CPU.ActiveCfg = Debug|Any CPU
		{182DB03D-91E2-4C48-9F55-70F81C1E225B}.Debug|Any CPU.Build.0 = Debug|Any CPU
		{182DB03D-91E2-4C48-9F55-70F81C1E225B}.Release|Any CPU.ActiveCfg = Release|Any CPU
		{182DB03D-91E2-4C48-9F55-70F81C1E225B}.Release|Any CPU.Build.0 = Release|Any CPU
		{ACF70497-6886-4525-97D0-8B8B99A2B9A9}.Debug|Any CPU.ActiveCfg = Debug|Any CPU
		{ACF70497-6886-4525-97D0-8B8B99A2B9A9}.Debug|Any CPU.Build.0 = Debug|Any CPU
		{ACF70497-6886-4525-97D0-8B8B99A2B9A9}.Release|Any CPU.ActiveCfg = Release|Any CPU
		{ACF70497-6886-4525-97D0-8B8B99A2B9A9}.Release|Any CPU.Build.0 = Release|Any CPU
		{35C5FFFF-7A14-4AC4-A79D-62FA2C0E4472}.Debug|Any CPU.ActiveCfg = Debug|Any CPU
		{35C5FFFF-7A14-4AC4-A79D-62FA2C0E4472}.Debug|Any CPU.Build.0 = Debug|Any CPU
		{35C5FFFF-7A14-4AC4-A79D-62FA2C0E4472}.Release|Any CPU.ActiveCfg = Release|Any CPU
		{35C5FFFF-7A14-4AC4-A79D-62FA2C0E4472}.Release|Any CPU.Build.0 = Release|Any CPU
		{E1D85AB8-BAFF-47EF-BC2F-02CFC0224485}.Debug|Any CPU.ActiveCfg = Debug|Any CPU
		{E1D85AB8-BAFF-47EF-BC2F-02CFC0224485}.Debug|Any CPU.Build.0 = Debug|Any CPU
		{E1D85AB8-BAFF-47EF-BC2F-02CFC0224485}.Release|Any CPU.ActiveCfg = Release|Any CPU
		{E1D85AB8-BAFF-47EF-BC2F-02CFC0224485}.Release|Any CPU.Build.0 = Release|Any CPU
		{6BB379DC-A820-45BE-BD6C-670D7AFC7B30}.Debug|Any CPU.ActiveCfg = Debug|Any CPU
		{6BB379DC-A820-45BE-BD6C-670D7AFC7B30}.Debug|Any CPU.Build.0 = Debug|Any CPU
		{6BB379DC-A820-45BE-BD6C-670D7AFC7B30}.Release|Any CPU.ActiveCfg = Release|Any CPU
		{6BB379DC-A820-45BE-BD6C-670D7AFC7B30}.Release|Any CPU.Build.0 = Release|Any CPU
		{72AD4FD7-155C-40F9-BBD9-F87271BB1440}.Debug|Any CPU.ActiveCfg = Debug|Any CPU
		{72AD4FD7-155C-40F9-BBD9-F87271BB1440}.Debug|Any CPU.Build.0 = Debug|Any CPU
		{72AD4FD7-155C-40F9-BBD9-F87271BB1440}.Release|Any CPU.ActiveCfg = Release|Any CPU
		{72AD4FD7-155C-40F9-BBD9-F87271BB1440}.Release|Any CPU.Build.0 = Release|Any CPU
		{230E1465-7A32-49DE-A9EF-848F62268C38}.Debug|Any CPU.ActiveCfg = Debug|Any CPU
		{230E1465-7A32-49DE-A9EF-848F62268C38}.Debug|Any CPU.Build.0 = Debug|Any CPU
		{230E1465-7A32-49DE-A9EF-848F62268C38}.Release|Any CPU.ActiveCfg = Release|Any CPU
		{230E1465-7A32-49DE-A9EF-848F62268C38}.Release|Any CPU.Build.0 = Release|Any CPU
		{B9EACC32-FDBD-40B0-8D6C-25FF530FDE23}.Debug|Any CPU.ActiveCfg = Debug|Any CPU
		{B9EACC32-FDBD-40B0-8D6C-25FF530FDE23}.Debug|Any CPU.Build.0 = Debug|Any CPU
		{B9EACC32-FDBD-40B0-8D6C-25FF530FDE23}.Release|Any CPU.ActiveCfg = Release|Any CPU
		{B9EACC32-FDBD-40B0-8D6C-25FF530FDE23}.Release|Any CPU.Build.0 = Release|Any CPU
		{0606A8C7-B5C1-4958-86AD-B415F0B74CCC}.Debug|Any CPU.ActiveCfg = Debug|Any CPU
		{0606A8C7-B5C1-4958-86AD-B415F0B74CCC}.Debug|Any CPU.Build.0 = Debug|Any CPU
		{0606A8C7-B5C1-4958-86AD-B415F0B74CCC}.Release|Any CPU.ActiveCfg = Release|Any CPU
		{0606A8C7-B5C1-4958-86AD-B415F0B74CCC}.Release|Any CPU.Build.0 = Release|Any CPU
		{EA3960A5-A959-4731-9819-6E3B03644F31}.Debug|Any CPU.ActiveCfg = Debug|Any CPU
		{EA3960A5-A959-4731-9819-6E3B03644F31}.Debug|Any CPU.Build.0 = Debug|Any CPU
		{EA3960A5-A959-4731-9819-6E3B03644F31}.Release|Any CPU.ActiveCfg = Release|Any CPU
		{EA3960A5-A959-4731-9819-6E3B03644F31}.Release|Any CPU.Build.0 = Release|Any CPU
		{47467CEF-C5F9-4514-847D-313DCEA6CC31}.Debug|Any CPU.ActiveCfg = Debug|Any CPU
		{47467CEF-C5F9-4514-847D-313DCEA6CC31}.Debug|Any CPU.Build.0 = Debug|Any CPU
		{47467CEF-C5F9-4514-847D-313DCEA6CC31}.Release|Any CPU.ActiveCfg = Release|Any CPU
		{47467CEF-C5F9-4514-847D-313DCEA6CC31}.Release|Any CPU.Build.0 = Release|Any CPU
		{EF2EDC1F-3C54-4FA1-8375-745AF1B40618}.Debug|Any CPU.ActiveCfg = Debug|Any CPU
		{EF2EDC1F-3C54-4FA1-8375-745AF1B40618}.Debug|Any CPU.Build.0 = Debug|Any CPU
		{EF2EDC1F-3C54-4FA1-8375-745AF1B40618}.Release|Any CPU.ActiveCfg = Release|Any CPU
		{EF2EDC1F-3C54-4FA1-8375-745AF1B40618}.Release|Any CPU.Build.0 = Release|Any CPU
		{6DB23AA0-350E-4242-9C15-A47FFA68D467}.Debug|Any CPU.ActiveCfg = Debug|Any CPU
		{6DB23AA0-350E-4242-9C15-A47FFA68D467}.Debug|Any CPU.Build.0 = Debug|Any CPU
		{6DB23AA0-350E-4242-9C15-A47FFA68D467}.Release|Any CPU.ActiveCfg = Release|Any CPU
		{6DB23AA0-350E-4242-9C15-A47FFA68D467}.Release|Any CPU.Build.0 = Release|Any CPU
		{DF0858D8-6441-4A38-8480-8D869026FFC0}.Debug|Any CPU.ActiveCfg = Debug|Any CPU
		{DF0858D8-6441-4A38-8480-8D869026FFC0}.Debug|Any CPU.Build.0 = Debug|Any CPU
		{DF0858D8-6441-4A38-8480-8D869026FFC0}.Release|Any CPU.ActiveCfg = Release|Any CPU
		{DF0858D8-6441-4A38-8480-8D869026FFC0}.Release|Any CPU.Build.0 = Release|Any CPU
		{E06708E2-DA53-4373-91F6-2E1A65620935}.Debug|Any CPU.ActiveCfg = Debug|Any CPU
		{E06708E2-DA53-4373-91F6-2E1A65620935}.Debug|Any CPU.Build.0 = Debug|Any CPU
		{E06708E2-DA53-4373-91F6-2E1A65620935}.Release|Any CPU.ActiveCfg = Release|Any CPU
		{E06708E2-DA53-4373-91F6-2E1A65620935}.Release|Any CPU.Build.0 = Release|Any CPU
	EndGlobalSection
	GlobalSection(SolutionProperties) = preSolution
		HideSolutionNode = FALSE
	EndGlobalSection
	GlobalSection(NestedProjects) = preSolution
		{6BB379DC-A820-45BE-BD6C-670D7AFC7B30} = {605895B7-BD3F-40E4-97DA-20C4B6AFA5CE}
		{72AD4FD7-155C-40F9-BBD9-F87271BB1440} = {605895B7-BD3F-40E4-97DA-20C4B6AFA5CE}
		{230E1465-7A32-49DE-A9EF-848F62268C38} = {4461613A-A82C-483D-A553-CD79C7CAC463}
		{B9EACC32-FDBD-40B0-8D6C-25FF530FDE23} = {4461613A-A82C-483D-A553-CD79C7CAC463}
		{0606A8C7-B5C1-4958-86AD-B415F0B74CCC} = {05B375FC-5F01-48C3-8C0E-A5B418196CA9}
		{EA3960A5-A959-4731-9819-6E3B03644F31} = {05B375FC-5F01-48C3-8C0E-A5B418196CA9}
		{47467CEF-C5F9-4514-847D-313DCEA6CC31} = {05B375FC-5F01-48C3-8C0E-A5B418196CA9}
		{EF2EDC1F-3C54-4FA1-8375-745AF1B40618} = {05B375FC-5F01-48C3-8C0E-A5B418196CA9}
		{6DB23AA0-350E-4242-9C15-A47FFA68D467} = {05B375FC-5F01-48C3-8C0E-A5B418196CA9}
		{DF0858D8-6441-4A38-8480-8D869026FFC0} = {05B375FC-5F01-48C3-8C0E-A5B418196CA9}
	EndGlobalSection
	GlobalSection(ExtensibilityGlobals) = postSolution
		SolutionGuid = {97479103-7577-47F2-8B09-D186FA728F53}
	EndGlobalSection
EndGlobal
